
Microsoft Visual Studio Solution File, Format Version 12.00
# Visual Studio Version 17
VisualStudioVersion = 17.14.36414.22
MinimumVisualStudioVersion = 10.0.40219.1
Project("{FAE04EC0-301F-11D3-BF4B-00C04F79EFBC}") = "FS24StartHub.App.WinForms", "FS24StartHub.App.WinForms\FS24StartHub.App.WinForms.csproj", "{0DDE53A0-D325-4460-93CD-0FA8F92AB7A9}"
EndProject
Project("{FAE04EC0-301F-11D3-BF4B-00C04F79EFBC}") = "FS24StartHub.Core", "FS24StartHub.Core\FS24StartHub.Core.csproj", "{5A5C4D04-7D40-4316-B545-369E4D9E1D74}"
EndProject
Project("{FAE04EC0-301F-11D3-BF4B-00C04F79EFBC}") = "FS24StartHub.Infrastructure", "FS24StartHub.Infrastructure\FS24StartHub.Infrastructure.csproj", "{2AE89C73-F9E7-4BE8-897C-FE1D00C40B34}"
EndProject
Project("{FAE04EC0-301F-11D3-BF4B-00C04F79EFBC}") = "FS24StartHub.Tests", "FS24StartHub.Tests\FS24StartHub.Tests.csproj", "{4C7B007E-406F-49F1-9A3E-44A550B54210}"
EndProject
Project("{FAE04EC0-301F-11D3-BF4B-00C04F79EFBC}") = "FS24StartHub.IntegrationTests", "FS24StartHub.IntegrationTests\FS24StartHub.IntegrationTests.csproj", "{507C97E3-F58E-4F44-95A7-406F30C97B1E}"
EndProject
Project("{2150E333-8FDC-42A3-9474-1A3956D46DE8}") = "Solution Items", "Solution Items", "{8EC462FD-D22E-90A8-E5CE-7E832BA40C5D}"
	ProjectSection(SolutionItems) = preProject
		CHANGELOG.md = CHANGELOG.md
		CONTRIBUTING.md = CONTRIBUTING.md
		..\..\..\avers\OneDrive\FS24StartHub\fs24sh_spec.txt = ..\..\..\avers\OneDrive\FS24StartHub\fs24sh_spec.txt
		LICENSE = LICENSE
		README.md = README.md
		screenshot.png = screenshot.png
	EndProjectSection
EndProject
Project("{2150E333-8FDC-42A3-9474-1A3956D46DE8}") = "FS24StartHub.Setup", "FS24StartHub.Setup", "{02EA681E-C7D8-13C7-8484-4AC65E1B71E8}"
	ProjectSection(SolutionItems) = preProject
		FS24StartHub.Setup\Setup.iss = FS24StartHub.Setup\Setup.iss
	EndProjectSection
EndProject
Global
	GlobalSection(SolutionConfigurationPlatforms) = preSolution
		Debug|Any CPU = Debug|Any CPU
		Release|Any CPU = Release|Any CPU
	EndGlobalSection
	GlobalSection(ProjectConfigurationPlatforms) = postSolution
		{0DDE53A0-D325-4460-93CD-0FA8F92AB7A9}.Debug|Any CPU.ActiveCfg = Debug|Any CPU
		{0DDE53A0-D325-4460-93CD-0FA8F92AB7A9}.Debug|Any CPU.Build.0 = Debug|Any CPU
		{0DDE53A0-D325-4460-93CD-0FA8F92AB7A9}.Release|Any CPU.ActiveCfg = Release|Any CPU
		{0DDE53A0-D325-4460-93CD-0FA8F92AB7A9}.Release|Any CPU.Build.0 = Release|Any CPU
		{5A5C4D04-7D40-4316-B545-369E4D9E1D74}.Debug|Any CPU.ActiveCfg = Debug|Any CPU
		{5A5C4D04-7D40-4316-B545-369E4D9E1D74}.Debug|Any CPU.Build.0 = Debug|Any CPU
		{5A5C4D04-7D40-4316-B545-369E4D9E1D74}.Release|Any CPU.ActiveCfg = Release|Any CPU
		{5A5C4D04-7D40-4316-B545-369E4D9E1D74}.Release|Any CPU.Build.0 = Release|Any CPU
		{2AE89C73-F9E7-4BE8-897C-FE1D00C40B34}.Debug|Any CPU.ActiveCfg = Debug|Any CPU
		{2AE89C73-F9E7-4BE8-897C-FE1D00C40B34}.Debug|Any CPU.Build.0 = Debug|Any CPU
		{2AE89C73-F9E7-4BE8-897C-FE1D00C40B34}.Release|Any CPU.ActiveCfg = Release|Any CPU
		{2AE89C73-F9E7-4BE8-897C-FE1D00C40B34}.Release|Any CPU.Build.0 = Release|Any CPU
		{4C7B007E-406F-49F1-9A3E-44A550B54210}.Debug|Any CPU.ActiveCfg = Debug|Any CPU
		{4C7B007E-406F-49F1-9A3E-44A550B54210}.Debug|Any CPU.Build.0 = Debug|Any CPU
		{4C7B007E-406F-49F1-9A3E-44A550B54210}.Release|Any CPU.ActiveCfg = Release|Any CPU
		{4C7B007E-406F-49F1-9A3E-44A550B54210}.Release|Any CPU.Build.0 = Release|Any CPU
		{507C97E3-F58E-4F44-95A7-406F30C97B1E}.Debug|Any CPU.ActiveCfg = Debug|Any CPU
		{507C97E3-F58E-4F44-95A7-406F30C97B1E}.Debug|Any CPU.Build.0 = Debug|Any CPU
		{507C97E3-F58E-4F44-95A7-406F30C97B1E}.Release|Any CPU.ActiveCfg = Release|Any CPU
		{507C97E3-F58E-4F44-95A7-406F30C97B1E}.Release|Any CPU.Build.0 = Release|Any CPU
	EndGlobalSection
	GlobalSection(SolutionProperties) = preSolution
		HideSolutionNode = FALSE
	EndGlobalSection
	GlobalSection(ExtensibilityGlobals) = postSolution
		SolutionGuid = {D03757EB-183A-4357-A695-C1C2BC697886}
	EndGlobalSection
EndGlobal
